
Microsoft Visual Studio Solution File, Format Version 12.00
# Visual Studio Version 16
VisualStudioVersion = 16.0.31025.194
MinimumVisualStudioVersion = 10.0.40219.1
Project("{2150E333-8FDC-42A3-9474-1A3956D46DE8}") = "1.FrontEnd", "1.FrontEnd", "{B6000580-A7B2-44F2-8C76-612185D7DBA9}"
EndProject
Project("{2150E333-8FDC-42A3-9474-1A3956D46DE8}") = "2.Negocio", "2.Negocio", "{E3C5741B-734E-461D-AD15-657AD77DDAA9}"
EndProject
Project("{2150E333-8FDC-42A3-9474-1A3956D46DE8}") = "3.Entidades", "3.Entidades", "{2F6400EF-CBB3-491C-9078-54C357A75981}"
EndProject
Project("{2150E333-8FDC-42A3-9474-1A3956D46DE8}") = "4.Helpers", "4.Helpers", "{CCB5EE58-BB53-489C-9DD0-CE3ED41A3DAF}"
EndProject
Project("{2150E333-8FDC-42A3-9474-1A3956D46DE8}") = "5.Reportes", "5.Reportes", "{FDE7E074-023C-429F-BFB6-1894BBDFDE55}"
EndProject
Project("{FAE04EC0-301F-11D3-BF4B-00C04F79EFBC}") = "FrontEnd", "FrontEnd\FrontEnd.csproj", "{5F9EF6C2-8CCA-4A7E-88BC-CB0F031D1A3A}"
EndProject
Project("{FAE04EC0-301F-11D3-BF4B-00C04F79EFBC}") = "Negocio", "Negocio\Negocio.csproj", "{5A9FF200-79FA-4415-BFF2-46B8400A93D3}"
EndProject
Project("{FAE04EC0-301F-11D3-BF4B-00C04F79EFBC}") = "Entidades", "Entidades\Entidades.csproj", "{8EEBA653-1421-4E76-A819-06AB9929D948}"
EndProject
Project("{FAE04EC0-301F-11D3-BF4B-00C04F79EFBC}") = "ExcelManager", "ExcelManager\ExcelManager.csproj", "{9EBC4C6E-BDC0-4394-8B4E-00B83769B505}"
EndProject
Project("{FAE04EC0-301F-11D3-BF4B-00C04F79EFBC}") = "Helpers", "Helpers\Helpers.csproj", "{39B5E688-926B-4CB3-9EEC-C02820FB19ED}"
EndProject
Project("{FAE04EC0-301F-11D3-BF4B-00C04F79EFBC}") = "Resources", "Resources\Resources.csproj", "{20D3EB34-F733-45F5-826B-523C26FF63AA}"
EndProject
Project("{FAE04EC0-301F-11D3-BF4B-00C04F79EFBC}") = "ReportManager", "Reportes\ReportManager.csproj", "{368457E1-E287-4D70-B405-DF438BA08456}"
EndProject
Project("{FAE04EC0-301F-11D3-BF4B-00C04F79EFBC}") = "ReportesLocales", "ReportesLocales\ReportesLocales.csproj", "{6898C3CE-2503-41EA-9A60-3EB9AB2FE960}"
EndProject
Global
	GlobalSection(SolutionConfigurationPlatforms) = preSolution
		Debug|Any CPU = Debug|Any CPU
		Release|Any CPU = Release|Any CPU
	EndGlobalSection
	GlobalSection(ProjectConfigurationPlatforms) = postSolution
		{5F9EF6C2-8CCA-4A7E-88BC-CB0F031D1A3A}.Debug|Any CPU.ActiveCfg = Debug|Any CPU
		{5F9EF6C2-8CCA-4A7E-88BC-CB0F031D1A3A}.Debug|Any CPU.Build.0 = Debug|Any CPU
		{5F9EF6C2-8CCA-4A7E-88BC-CB0F031D1A3A}.Release|Any CPU.ActiveCfg = Release|Any CPU
		{5F9EF6C2-8CCA-4A7E-88BC-CB0F031D1A3A}.Release|Any CPU.Build.0 = Release|Any CPU
		{5A9FF200-79FA-4415-BFF2-46B8400A93D3}.Debug|Any CPU.ActiveCfg = Debug|Any CPU
		{5A9FF200-79FA-4415-BFF2-46B8400A93D3}.Debug|Any CPU.Build.0 = Debug|Any CPU
		{5A9FF200-79FA-4415-BFF2-46B8400A93D3}.Release|Any CPU.ActiveCfg = Release|Any CPU
		{5A9FF200-79FA-4415-BFF2-46B8400A93D3}.Release|Any CPU.Build.0 = Release|Any CPU
		{8EEBA653-1421-4E76-A819-06AB9929D948}.Debug|Any CPU.ActiveCfg = Debug|Any CPU
		{8EEBA653-1421-4E76-A819-06AB9929D948}.Debug|Any CPU.Build.0 = Debug|Any CPU
		{8EEBA653-1421-4E76-A819-06AB9929D948}.Release|Any CPU.ActiveCfg = Release|Any CPU
		{8EEBA653-1421-4E76-A819-06AB9929D948}.Release|Any CPU.Build.0 = Release|Any CPU
		{9EBC4C6E-BDC0-4394-8B4E-00B83769B505}.Debug|Any CPU.ActiveCfg = Debug|Any CPU
		{9EBC4C6E-BDC0-4394-8B4E-00B83769B505}.Debug|Any CPU.Build.0 = Debug|Any CPU
		{9EBC4C6E-BDC0-4394-8B4E-00B83769B505}.Release|Any CPU.ActiveCfg = Release|Any CPU
		{9EBC4C6E-BDC0-4394-8B4E-00B83769B505}.Release|Any CPU.Build.0 = Release|Any CPU
		{39B5E688-926B-4CB3-9EEC-C02820FB19ED}.Debug|Any CPU.ActiveCfg = Debug|Any CPU
		{39B5E688-926B-4CB3-9EEC-C02820FB19ED}.Debug|Any CPU.Build.0 = Debug|Any CPU
		{39B5E688-926B-4CB3-9EEC-C02820FB19ED}.Release|Any CPU.ActiveCfg = Release|Any CPU
		{39B5E688-926B-4CB3-9EEC-C02820FB19ED}.Release|Any CPU.Build.0 = Release|Any CPU
		{20D3EB34-F733-45F5-826B-523C26FF63AA}.Debug|Any CPU.ActiveCfg = Debug|Any CPU
		{20D3EB34-F733-45F5-826B-523C26FF63AA}.Debug|Any CPU.Build.0 = Debug|Any CPU
		{20D3EB34-F733-45F5-826B-523C26FF63AA}.Release|Any CPU.ActiveCfg = Release|Any CPU
		{20D3EB34-F733-45F5-826B-523C26FF63AA}.Release|Any CPU.Build.0 = Release|Any CPU
		{368457E1-E287-4D70-B405-DF438BA08456}.Debug|Any CPU.ActiveCfg = Debug|Any CPU
		{368457E1-E287-4D70-B405-DF438BA08456}.Debug|Any CPU.Build.0 = Debug|Any CPU
		{368457E1-E287-4D70-B405-DF438BA08456}.Release|Any CPU.ActiveCfg = Release|Any CPU
		{368457E1-E287-4D70-B405-DF438BA08456}.Release|Any CPU.Build.0 = Release|Any CPU
		{6898C3CE-2503-41EA-9A60-3EB9AB2FE960}.Debug|Any CPU.ActiveCfg = Debug|Any CPU
		{6898C3CE-2503-41EA-9A60-3EB9AB2FE960}.Debug|Any CPU.Build.0 = Debug|Any CPU
		{6898C3CE-2503-41EA-9A60-3EB9AB2FE960}.Release|Any CPU.ActiveCfg = Release|Any CPU
		{6898C3CE-2503-41EA-9A60-3EB9AB2FE960}.Release|Any CPU.Build.0 = Release|Any CPU
	EndGlobalSection
	GlobalSection(SolutionProperties) = preSolution
		HideSolutionNode = FALSE
	EndGlobalSection
	GlobalSection(NestedProjects) = preSolution
		{5F9EF6C2-8CCA-4A7E-88BC-CB0F031D1A3A} = {B6000580-A7B2-44F2-8C76-612185D7DBA9}
		{5A9FF200-79FA-4415-BFF2-46B8400A93D3} = {E3C5741B-734E-461D-AD15-657AD77DDAA9}
		{8EEBA653-1421-4E76-A819-06AB9929D948} = {2F6400EF-CBB3-491C-9078-54C357A75981}
		{9EBC4C6E-BDC0-4394-8B4E-00B83769B505} = {CCB5EE58-BB53-489C-9DD0-CE3ED41A3DAF}
		{39B5E688-926B-4CB3-9EEC-C02820FB19ED} = {CCB5EE58-BB53-489C-9DD0-CE3ED41A3DAF}
		{20D3EB34-F733-45F5-826B-523C26FF63AA} = {CCB5EE58-BB53-489C-9DD0-CE3ED41A3DAF}
		{368457E1-E287-4D70-B405-DF438BA08456} = {FDE7E074-023C-429F-BFB6-1894BBDFDE55}
		{6898C3CE-2503-41EA-9A60-3EB9AB2FE960} = {FDE7E074-023C-429F-BFB6-1894BBDFDE55}
	EndGlobalSection
	GlobalSection(ExtensibilityGlobals) = postSolution
		SolutionGuid = {D3F71E3B-4CAC-4093-912E-21229DC6E09D}
	EndGlobalSection
EndGlobal
